// !$*UTF8*$!
{
	archiveVersion = 1;
	classes = {
	};
	objectVersion = 56;
	objects = {

/* Begin PBXBuildFile section */
		3B8331212CA5515E00CB0D5F /* hacker_newsApp.swift in Sources */ = {isa = PBXBuildFile; fileRef = 3B8331202CA5515E00CB0D5F /* hacker_newsApp.swift */; };
		3B8331232CA5515E00CB0D5F /* ContentView.swift in Sources */ = {isa = PBXBuildFile; fileRef = 3B8331222CA5515E00CB0D5F /* ContentView.swift */; };
		3B8331252CA5516500CB0D5F /* Assets.xcassets in Resources */ = {isa = PBXBuildFile; fileRef = 3B8331242CA5516500CB0D5F /* Assets.xcassets */; };
		3B8331282CA5516500CB0D5F /* Preview Assets.xcassets in Resources */ = {isa = PBXBuildFile; fileRef = 3B8331272CA5516500CB0D5F /* Preview Assets.xcassets */; };
		3B8331302CA5541900CB0D5F /* NetworkManger.swift in Sources */ = {isa = PBXBuildFile; fileRef = 3B83312F2CA5541900CB0D5F /* NetworkManger.swift */; };
		3B8331322CA5555C00CB0D5F /* PostData.swift in Sources */ = {isa = PBXBuildFile; fileRef = 3B8331312CA5555C00CB0D5F /* PostData.swift */; };
		3B8331372CA5ECE300CB0D5F /* DetailView.swift in Sources */ = {isa = PBXBuildFile; fileRef = 3B8331362CA5ECE300CB0D5F /* DetailView.swift */; };
		3B8331392CA5F38700CB0D5F /* WebView.swift in Sources */ = {isa = PBXBuildFile; fileRef = 3B8331382CA5F38700CB0D5F /* WebView.swift */; };
/* End PBXBuildFile section */

/* Begin PBXFileReference section */
		3B83311D2CA5515E00CB0D5F /* hacker_news.app */ = {isa = PBXFileReference; explicitFileType = wrapper.application; includeInIndex = 0; path = hacker_news.app; sourceTree = BUILT_PRODUCTS_DIR; };
		3B8331202CA5515E00CB0D5F /* hacker_newsApp.swift */ = {isa = PBXFileReference; lastKnownFileType = sourcecode.swift; path = hacker_newsApp.swift; sourceTree = "<group>"; };
		3B8331222CA5515E00CB0D5F /* ContentView.swift */ = {isa = PBXFileReference; lastKnownFileType = sourcecode.swift; path = ContentView.swift; sourceTree = "<group>"; };
		3B8331242CA5516500CB0D5F /* Assets.xcassets */ = {isa = PBXFileReference; lastKnownFileType = folder.assetcatalog; path = Assets.xcassets; sourceTree = "<group>"; };
		3B8331272CA5516500CB0D5F /* Preview Assets.xcassets */ = {isa = PBXFileReference; lastKnownFileType = folder.assetcatalog; path = "Preview Assets.xcassets"; sourceTree = "<group>"; };
		3B83312F2CA5541900CB0D5F /* NetworkManger.swift */ = {isa = PBXFileReference; lastKnownFileType = sourcecode.swift; path = NetworkManger.swift; sourceTree = "<group>"; };
		3B8331312CA5555C00CB0D5F /* PostData.swift */ = {isa = PBXFileReference; lastKnownFileType = sourcecode.swift; path = PostData.swift; sourceTree = "<group>"; };
		3B8331362CA5ECE300CB0D5F /* DetailView.swift */ = {isa = PBXFileReference; lastKnownFileType = sourcecode.swift; path = DetailView.swift; sourceTree = "<group>"; };
		3B8331382CA5F38700CB0D5F /* WebView.swift */ = {isa = PBXFileReference; lastKnownFileType = sourcecode.swift; path = WebView.swift; sourceTree = "<group>"; };
/* End PBXFileReference section */

/* Begin PBXFrameworksBuildPhase section */
		3B83311A2CA5515E00CB0D5F /* Frameworks */ = {
			isa = PBXFrameworksBuildPhase;
			buildActionMask = 2147483647;
			files = (
			);
			runOnlyForDeploymentPostprocessing = 0;
		};
/* End PBXFrameworksBuildPhase section */

/* Begin PBXGroup section */
		3B8331142CA5515E00CB0D5F = {
			isa = PBXGroup;
			children = (
				3B83311F2CA5515E00CB0D5F /* hacker_news */,
				3B83311E2CA5515E00CB0D5F /* Products */,
			);
			sourceTree = "<group>";
		};
		3B83311E2CA5515E00CB0D5F /* Products */ = {
			isa = PBXGroup;
			children = (
				3B83311D2CA5515E00CB0D5F /* hacker_news.app */,
			);
			name = Products;
			sourceTree = "<group>";
		};
		3B83311F2CA5515E00CB0D5F /* hacker_news */ = {
			isa = PBXGroup;
			children = (
				3B8331352CA5ECC000CB0D5F /* Views */,
				3B83312E2CA553FA00CB0D5F /* Models */,
				3B8331202CA5515E00CB0D5F /* hacker_newsApp.swift */,
				3B8331242CA5516500CB0D5F /* Assets.xcassets */,
				3B8331262CA5516500CB0D5F /* Preview Content */,
			);
			path = hacker_news;
			sourceTree = "<group>";
		};
		3B8331262CA5516500CB0D5F /* Preview Content */ = {
			isa = PBXGroup;
			children = (
				3B8331272CA5516500CB0D5F /* Preview Assets.xcassets */,
			);
			path = "Preview Content";
			sourceTree = "<group>";
		};
		3B83312E2CA553FA00CB0D5F /* Models */ = {
			isa = PBXGroup;
			children = (
				3B8331342CA5ECA600CB0D5F /* New Group */,
				3B83312F2CA5541900CB0D5F /* NetworkManger.swift */,
				3B8331312CA5555C00CB0D5F /* PostData.swift */,
			);
			path = Models;
			sourceTree = "<group>";
		};
		3B8331342CA5ECA600CB0D5F /* New Group */ = {
			isa = PBXGroup;
			children = (
			);
			path = "New Group";
			sourceTree = "<group>";
		};
		3B8331352CA5ECC000CB0D5F /* Views */ = {
			isa = PBXGroup;
			children = (
				3B8331222CA5515E00CB0D5F /* ContentView.swift */,
				3B8331362CA5ECE300CB0D5F /* DetailView.swift */,
				3B8331382CA5F38700CB0D5F /* WebView.swift */,
			);
			path = Views;
			sourceTree = "<group>";
		};
/* End PBXGroup section */

/* Begin PBXNativeTarget section */
		3B83311C2CA5515E00CB0D5F /* hacker_news */ = {
			isa = PBXNativeTarget;
			buildConfigurationList = 3B83312B2CA5516500CB0D5F /* Build configuration list for PBXNativeTarget "hacker_news" */;
			buildPhases = (
				3B8331192CA5515E00CB0D5F /* Sources */,
				3B83311A2CA5515E00CB0D5F /* Frameworks */,
				3B83311B2CA5515E00CB0D5F /* Resources */,
			);
			buildRules = (
			);
			dependencies = (
			);
			name = hacker_news;
			productName = hacker_news;
			productReference = 3B83311D2CA5515E00CB0D5F /* hacker_news.app */;
			productType = "com.apple.product-type.application";
		};
/* End PBXNativeTarget section */

/* Begin PBXProject section */
		3B8331152CA5515E00CB0D5F /* Project object */ = {
			isa = PBXProject;
			attributes = {
				BuildIndependentTargetsInParallel = 1;
				LastSwiftUpdateCheck = 1500;
				LastUpgradeCheck = 1500;
				TargetAttributes = {
					3B83311C2CA5515E00CB0D5F = {
						CreatedOnToolsVersion = 15.0.1;
					};
				};
			};
			buildConfigurationList = 3B8331182CA5515E00CB0D5F /* Build configuration list for PBXProject "hacker_news" */;
			compatibilityVersion = "Xcode 14.0";
			developmentRegion = en;
			hasScannedForEncodings = 0;
			knownRegions = (
				en,
				Base,
			);
			mainGroup = 3B8331142CA5515E00CB0D5F;
			productRefGroup = 3B83311E2CA5515E00CB0D5F /* Products */;
			projectDirPath = "";
			projectRoot = "";
			targets = (
				3B83311C2CA5515E00CB0D5F /* hacker_news */,
			);
		};
/* End PBXProject section */

/* Begin PBXResourcesBuildPhase section */
		3B83311B2CA5515E00CB0D5F /* Resources */ = {
			isa = PBXResourcesBuildPhase;
			buildActionMask = 2147483647;
			files = (
				3B8331282CA5516500CB0D5F /* Preview Assets.xcassets in Resources */,
				3B8331252CA5516500CB0D5F /* Assets.xcassets in Resources */,
			);
			runOnlyForDeploymentPostprocessing = 0;
		};
/* End PBXResourcesBuildPhase section */

/* Begin PBXSourcesBuildPhase section */
		3B8331192CA5515E00CB0D5F /* Sources */ = {
			isa = PBXSourcesBuildPhase;
			buildActionMask = 2147483647;
			files = (
				3B8331302CA5541900CB0D5F /* NetworkManger.swift in Sources */,
				3B8331322CA5555C00CB0D5F /* PostData.swift in Sources */,
				3B8331392CA5F38700CB0D5F /* WebView.swift in Sources */,
				3B8331232CA5515E00CB0D5F /* ContentView.swift in Sources */,
				3B8331372CA5ECE300CB0D5F /* DetailView.swift in Sources */,
				3B8331212CA5515E00CB0D5F /* hacker_newsApp.swift in Sources */,
			);
			runOnlyForDeploymentPostprocessing = 0;
		};
/* End PBXSourcesBuildPhase section */

/* Begin XCBuildConfiguration section */
		3B8331292CA5516500CB0D5F /* Debug */ = {
			isa = XCBuildConfiguration;
			buildSettings = {
				ALWAYS_SEARCH_USER_PATHS = NO;
				ASSETCATALOG_COMPILER_GENERATE_SWIFT_ASSET_SYMBOL_EXTENSIONS = YES;
				CLANG_ANALYZER_NONNULL = YES;
				CLANG_ANALYZER_NUMBER_OBJECT_CONVERSION = YES_AGGRESSIVE;
				CLANG_CXX_LANGUAGE_STANDARD = "gnu++20";
				CLANG_ENABLE_MODULES = YES;
				CLANG_ENABLE_OBJC_ARC = YES;
				CLANG_ENABLE_OBJC_WEAK = YES;
				CLANG_WARN_BLOCK_CAPTURE_AUTORELEASING = YES;
				CLANG_WARN_BOOL_CONVERSION = YES;
				CLANG_WARN_COMMA = YES;
				CLANG_WARN_CONSTANT_CONVERSION = YES;
				CLANG_WARN_DEPRECATED_OBJC_IMPLEMENTATIONS = YES;
				CLANG_WARN_DIRECT_OBJC_ISA_USAGE = YES_ERROR;
				CLANG_WARN_DOCUMENTATION_COMMENTS = YES;
				CLANG_WARN_EMPTY_BODY = YES;
				CLANG_WARN_ENUM_CONVERSION = YES;
				CLANG_WARN_INFINITE_RECURSION = YES;
				CLANG_WARN_INT_CONVERSION = YES;
				CLANG_WARN_NON_LITERAL_NULL_CONVERSION = YES;
				CLANG_WARN_OBJC_IMPLICIT_RETAIN_SELF = YES;
				CLANG_WARN_OBJC_LITERAL_CONVERSION = YES;
				CLANG_WARN_OBJC_ROOT_CLASS = YES_ERROR;
				CLANG_WARN_QUOTED_INCLUDE_IN_FRAMEWORK_HEADER = YES;
				CLANG_WARN_RANGE_LOOP_ANALYSIS = YES;
				CLANG_WARN_STRICT_PROTOTYPES = YES;
				CLANG_WARN_SUSPICIOUS_MOVE = YES;
				CLANG_WARN_UNGUARDED_AVAILABILITY = YES_AGGRESSIVE;
				CLANG_WARN_UNREACHABLE_CODE = YES;
				CLANG_WARN__DUPLICATE_METHOD_MATCH = YES;
				COPY_PHASE_STRIP = NO;
				DEBUG_INFORMATION_FORMAT = dwarf;
				ENABLE_STRICT_OBJC_MSGSEND = YES;
				ENABLE_TESTABILITY = YES;
				ENABLE_USER_SCRIPT_SANDBOXING = YES;
				GCC_C_LANGUAGE_STANDARD = gnu17;
				GCC_DYNAMIC_NO_PIC = NO;
				GCC_NO_COMMON_BLOCKS = YES;
				GCC_OPTIMIZATION_LEVEL = 0;
				GCC_PREPROCESSOR_DEFINITIONS = (
					"DEBUG=1",
					"$(inherited)",
				);
				GCC_WARN_64_TO_32_BIT_CONVERSION = YES;
				GCC_WARN_ABOUT_RETURN_TYPE = YES_ERROR;
				GCC_WARN_UNDECLARED_SELECTOR = YES;
				GCC_WARN_UNINITIALIZED_AUTOS = YES_AGGRESSIVE;
				GCC_WARN_UNUSED_FUNCTION = YES;
				GCC_WARN_UNUSED_VARIABLE = YES;
				IPHONEOS_DEPLOYMENT_TARGET = 17.0;
				LOCALIZATION_PREFERS_STRING_CATALOGS = YES;
				MTL_ENABLE_DEBUG_INFO = INCLUDE_SOURCE;
				MTL_FAST_MATH = YES;
				ONLY_ACTIVE_ARCH = YES;
				SDKROOT = iphoneos;
				SWIFT_ACTIVE_COMPILATION_CONDITIONS = "DEBUG $(inherited)";
				SWIFT_OPTIMIZATION_LEVEL = "-Onone";
			};
			name = Debug;
		};
		3B83312A2CA5516500CB0D5F /* Release */ = {
			isa = XCBuildConfiguration;
			buildSettings = {
				ALWAYS_SEARCH_USER_PATHS = NO;
				ASSETCATALOG_COMPILER_GENERATE_SWIFT_ASSET_SYMBOL_EXTENSIONS = YES;
				CLANG_ANALYZER_NONNULL = YES;
				CLANG_ANALYZER_NUMBER_OBJECT_CONVERSION = YES_AGGRESSIVE;
				CLANG_CXX_LANGUAGE_STANDARD = "gnu++20";
				CLANG_ENABLE_MODULES = YES;
				CLANG_ENABLE_OBJC_ARC = YES;
				CLANG_ENABLE_OBJC_WEAK = YES;
				CLANG_WARN_BLOCK_CAPTURE_AUTORELEASING = YES;
				CLANG_WARN_BOOL_CONVERSION = YES;
				CLANG_WARN_COMMA = YES;
				CLANG_WARN_CONSTANT_CONVERSION = YES;
				CLANG_WARN_DEPRECATED_OBJC_IMPLEMENTATIONS = YES;
				CLANG_WARN_DIRECT_OBJC_ISA_USAGE = YES_ERROR;
				CLANG_WARN_DOCUMENTATION_COMMENTS = YES;
				CLANG_WARN_EMPTY_BODY = YES;
				CLANG_WARN_ENUM_CONVERSION = YES;
				CLANG_WARN_INFINITE_RECURSION = YES;
				CLANG_WARN_INT_CONVERSION = YES;
				CLANG_WARN_NON_LITERAL_NULL_CONVERSION = YES;
				CLANG_WARN_OBJC_IMPLICIT_RETAIN_SELF = YES;
				CLANG_WARN_OBJC_LITERAL_CONVERSION = YES;
				CLANG_WARN_OBJC_ROOT_CLASS = YES_ERROR;
				CLANG_WARN_QUOTED_INCLUDE_IN_FRAMEWORK_HEADER = YES;
				CLANG_WARN_RANGE_LOOP_ANALYSIS = YES;
				CLANG_WARN_STRICT_PROTOTYPES = YES;
				CLANG_WARN_SUSPICIOUS_MOVE = YES;
				CLANG_WARN_UNGUARDED_AVAILABILITY = YES_AGGRESSIVE;
				CLANG_WARN_UNREACHABLE_CODE = YES;
				CLANG_WARN__DUPLICATE_METHOD_MATCH = YES;
				COPY_PHASE_STRIP = NO;
				DEBUG_INFORMATION_FORMAT = "dwarf-with-dsym";
				ENABLE_NS_ASSERTIONS = NO;
				ENABLE_STRICT_OBJC_MSGSEND = YES;
				ENABLE_USER_SCRIPT_SANDBOXING = YES;
				GCC_C_LANGUAGE_STANDARD = gnu17;
				GCC_NO_COMMON_BLOCKS = YES;
				GCC_WARN_64_TO_32_BIT_CONVERSION = YES;
				GCC_WARN_ABOUT_RETURN_TYPE = YES_ERROR;
				GCC_WARN_UNDECLARED_SELECTOR = YES;
				GCC_WARN_UNINITIALIZED_AUTOS = YES_AGGRESSIVE;
				GCC_WARN_UNUSED_FUNCTION = YES;
				GCC_WARN_UNUSED_VARIABLE = YES;
				IPHONEOS_DEPLOYMENT_TARGET = 17.0;
				LOCALIZATION_PREFERS_STRING_CATALOGS = YES;
				MTL_ENABLE_DEBUG_INFO = NO;
				MTL_FAST_MATH = YES;
				SDKROOT = iphoneos;
				SWIFT_COMPILATION_MODE = wholemodule;
				VALIDATE_PRODUCT = YES;
			};
			name = Release;
		};
		3B83312C2CA5516500CB0D5F /* Debug */ = {
			isa = XCBuildConfiguration;
			buildSettings = {
				ASSETCATALOG_COMPILER_APPICON_NAME = AppIcon;
				ASSETCATALOG_COMPILER_GLOBAL_ACCENT_COLOR_NAME = AccentColor;
				CODE_SIGN_STYLE = Automatic;
				CURRENT_PROJECT_VERSION = 1;
				DEVELOPMENT_ASSET_PATHS = "\"hacker_news/Preview Content\"";
				DEVELOPMENT_TEAM = QR29L6XWT3;
				ENABLE_PREVIEWS = YES;
				GENERATE_INFOPLIST_FILE = YES;
				INFOPLIST_KEY_UIApplicationSceneManifest_Generation = YES;
				INFOPLIST_KEY_UIApplicationSupportsIndirectInputEvents = YES;
				INFOPLIST_KEY_UILaunchScreen_Generation = YES;
				INFOPLIST_KEY_UISupportedInterfaceOrientations_iPad = "UIInterfaceOrientationPortrait UIInterfaceOrientationPortraitUpsideDown UIInterfaceOrientationLandscapeLeft UIInterfaceOrientationLandscapeRight";
				INFOPLIST_KEY_UISupportedInterfaceOrientations_iPhone = "UIInterfaceOrientationPortrait UIInterfaceOrientationLandscapeLeft UIInterfaceOrientationLandscapeRight";
				LD_RUNPATH_SEARCH_PATHS = (
					"$(inherited)",
					"@executable_path/Frameworks",
				);
				MARKETING_VERSION = 1.0;
				PRODUCT_BUNDLE_IDENTIFIER = "com.progx.hacker-news.hacker-news";
				PRODUCT_NAME = "$(TARGET_NAME)";
				SWIFT_EMIT_LOC_STRINGS = YES;
				SWIFT_VERSION = 5.0;
				TARGETED_DEVICE_FAMILY = "1,2";
			};
			name = Debug;
		};
		3B83312D2CA5516500CB0D5F /* Release */ = {
			isa = XCBuildConfiguration;
			buildSettings = {
				ASSETCATALOG_COMPILER_APPICON_NAME = AppIcon;
				ASSETCATALOG_COMPILER_GLOBAL_ACCENT_COLOR_NAME = AccentColor;
				CODE_SIGN_STYLE = Automatic;
				CURRENT_PROJECT_VERSION = 1;
				DEVELOPMENT_ASSET_PATHS = "\"hacker_news/Preview Content\"";
				DEVELOPMENT_TEAM = QR29L6XWT3;
				ENABLE_PREVIEWS = YES;
				GENERATE_INFOPLIST_FILE = YES;
				INFOPLIST_KEY_UIApplicationSceneManifest_Generation = YES;
				INFOPLIST_KEY_UIApplicationSupportsIndirectInputEvents = YES;
				INFOPLIST_KEY_UILaunchScreen_Generation = YES;
				INFOPLIST_KEY_UISupportedInterfaceOrientations_iPad = "UIInterfaceOrientationPortrait UIInterfaceOrientationPortraitUpsideDown UIInterfaceOrientationLandscapeLeft UIInterfaceOrientationLandscapeRight";
				INFOPLIST_KEY_UISupportedInterfaceOrientations_iPhone = "UIInterfaceOrientationPortrait UIInterfaceOrientationLandscapeLeft UIInterfaceOrientationLandscapeRight";
				LD_RUNPATH_SEARCH_PATHS = (
					"$(inherited)",
					"@executable_path/Frameworks",
				);
				MARKETING_VERSION = 1.0;
				PRODUCT_BUNDLE_IDENTIFIER = "com.progx.hacker-news.hacker-news";
				PRODUCT_NAME = "$(TARGET_NAME)";
				SWIFT_EMIT_LOC_STRINGS = YES;
				SWIFT_VERSION = 5.0;
				TARGETED_DEVICE_FAMILY = "1,2";
			};
			name = Release;
		};
/* End XCBuildConfiguration section */

/* Begin XCConfigurationList section */
		3B8331182CA5515E00CB0D5F /* Build configuration list for PBXProject "hacker_news" */ = {
			isa = XCConfigurationList;
			buildConfigurations = (
				3B8331292CA5516500CB0D5F /* Debug */,
				3B83312A2CA5516500CB0D5F /* Release */,
			);
			defaultConfigurationIsVisible = 0;
			defaultConfigurationName = Release;
		};
		3B83312B2CA5516500CB0D5F /* Build configuration list for PBXNativeTarget "hacker_news" */ = {
			isa = XCConfigurationList;
			buildConfigurations = (
				3B83312C2CA5516500CB0D5F /* Debug */,
				3B83312D2CA5516500CB0D5F /* Release */,
			);
			defaultConfigurationIsVisible = 0;
			defaultConfigurationName = Release;
		};
/* End XCConfigurationList section */
	};
	rootObject = 3B8331152CA5515E00CB0D5F /* Project object */;
}
